
Microsoft Visual Studio Solution File, Format Version 12.00
# Visual Studio Version 16
VisualStudioVersion = 16.0.29905.134
MinimumVisualStudioVersion = 10.0.40219.1
Project("{9A19103F-16F7-4668-BE54-9A1E7A4F7556}") = "Project Euler", "Project Euler\Project Euler.csproj", "{A16A48A1-5CC8-4348-90B0-A01B337E3909}"
EndProject
Project("{FAE04EC0-301F-11D3-BF4B-00C04F79EFBC}") = "ProjectEulerUnitTest", "ProjectEulerUnitTest\ProjectEulerUnitTest.csproj", "{B41BEB4D-71FB-4596-B3B1-CCA8440F54F0}"
EndProject
Global
	GlobalSection(SolutionConfigurationPlatforms) = preSolution
		Debug|Any CPU = Debug|Any CPU
		Release|Any CPU = Release|Any CPU
	EndGlobalSection
	GlobalSection(ProjectConfigurationPlatforms) = postSolution
		{A16A48A1-5CC8-4348-90B0-A01B337E3909}.Debug|Any CPU.ActiveCfg = Debug|Any CPU
		{A16A48A1-5CC8-4348-90B0-A01B337E3909}.Debug|Any CPU.Build.0 = Debug|Any CPU
		{A16A48A1-5CC8-4348-90B0-A01B337E3909}.Release|Any CPU.ActiveCfg = Release|Any CPU
		{A16A48A1-5CC8-4348-90B0-A01B337E3909}.Release|Any CPU.Build.0 = Release|Any CPU
		{B41BEB4D-71FB-4596-B3B1-CCA8440F54F0}.Debug|Any CPU.ActiveCfg = Debug|Any CPU
		{B41BEB4D-71FB-4596-B3B1-CCA8440F54F0}.Debug|Any CPU.Build.0 = Debug|Any CPU
		{B41BEB4D-71FB-4596-B3B1-CCA8440F54F0}.Release|Any CPU.ActiveCfg = Release|Any CPU
		{B41BEB4D-71FB-4596-B3B1-CCA8440F54F0}.Release|Any CPU.Build.0 = Release|Any CPU
	EndGlobalSection
	GlobalSection(SolutionProperties) = preSolution
		HideSolutionNode = FALSE
	EndGlobalSection
	GlobalSection(ExtensibilityGlobals) = postSolution
		SolutionGuid = {F2ECE5C3-59D7-4CBB-8760-A9CF325DB20A}
	EndGlobalSection
EndGlobal
